// !$*UTF8*$!
{
	archiveVersion = 1;
	classes = {
	};
	objectVersion = 46;
	objects = {

/* Begin PBXBuildFile section */
		59832B921E73783400F0F519 /* AppDelegate.swift in Sources */ = {isa = PBXBuildFile; fileRef = 59832B911E73783400F0F519 /* AppDelegate.swift */; };
		59832B941E73783400F0F519 /* GameScene.sks in Resources */ = {isa = PBXBuildFile; fileRef = 59832B931E73783400F0F519 /* GameScene.sks */; };
		59832B961E73783400F0F519 /* Actions.sks in Resources */ = {isa = PBXBuildFile; fileRef = 59832B951E73783400F0F519 /* Actions.sks */; };
		59832B981E73783400F0F519 /* GameScene.swift in Sources */ = {isa = PBXBuildFile; fileRef = 59832B971E73783400F0F519 /* GameScene.swift */; };
		59832B9A1E73783400F0F519 /* GameViewController.swift in Sources */ = {isa = PBXBuildFile; fileRef = 59832B991E73783400F0F519 /* GameViewController.swift */; };
		59832B9D1E73783400F0F519 /* Main.storyboard in Resources */ = {isa = PBXBuildFile; fileRef = 59832B9B1E73783400F0F519 /* Main.storyboard */; };
		59832B9F1E73783400F0F519 /* Assets.xcassets in Resources */ = {isa = PBXBuildFile; fileRef = 59832B9E1E73783400F0F519 /* Assets.xcassets */; };
		59832BA21E73783400F0F519 /* LaunchScreen.storyboard in Resources */ = {isa = PBXBuildFile; fileRef = 59832BA01E73783400F0F519 /* LaunchScreen.storyboard */; };
		59832BAD1E73783500F0F519 /* aqva_projectTests.swift in Sources */ = {isa = PBXBuildFile; fileRef = 59832BAC1E73783500F0F519 /* aqva_projectTests.swift */; };
		59832BB81E73783500F0F519 /* aqva_projectUITests.swift in Sources */ = {isa = PBXBuildFile; fileRef = 59832BB71E73783500F0F519 /* aqva_projectUITests.swift */; };
/* End PBXBuildFile section */

/* Begin PBXContainerItemProxy section */
		59832BA91E73783500F0F519 /* PBXContainerItemProxy */ = {
			isa = PBXContainerItemProxy;
			containerPortal = 59832B861E73783400F0F519 /* Project object */;
			proxyType = 1;
			remoteGlobalIDString = 59832B8D1E73783400F0F519;
			remoteInfo = aqva_project;
		};
		59832BB41E73783500F0F519 /* PBXContainerItemProxy */ = {
			isa = PBXContainerItemProxy;
			containerPortal = 59832B861E73783400F0F519 /* Project object */;
			proxyType = 1;
			remoteGlobalIDString = 59832B8D1E73783400F0F519;
			remoteInfo = aqva_project;
		};
/* End PBXContainerItemProxy section */

/* Begin PBXFileReference section */
		59832B8E1E73783400F0F519 /* aqva_project.app */ = {isa = PBXFileReference; explicitFileType = wrapper.application; includeInIndex = 0; path = aqva_project.app; sourceTree = BUILT_PRODUCTS_DIR; };
		59832B911E73783400F0F519 /* AppDelegate.swift */ = {isa = PBXFileReference; lastKnownFileType = sourcecode.swift; path = AppDelegate.swift; sourceTree = "<group>"; };
		59832B931E73783400F0F519 /* GameScene.sks */ = {isa = PBXFileReference; lastKnownFileType = file.sks; path = GameScene.sks; sourceTree = "<group>"; };
		59832B951E73783400F0F519 /* Actions.sks */ = {isa = PBXFileReference; lastKnownFileType = file.sks; path = Actions.sks; sourceTree = "<group>"; };
		59832B971E73783400F0F519 /* GameScene.swift */ = {isa = PBXFileReference; lastKnownFileType = sourcecode.swift; path = GameScene.swift; sourceTree = "<group>"; };
		59832B991E73783400F0F519 /* GameViewController.swift */ = {isa = PBXFileReference; lastKnownFileType = sourcecode.swift; path = GameViewController.swift; sourceTree = "<group>"; };
		59832B9C1E73783400F0F519 /* Base */ = {isa = PBXFileReference; lastKnownFileType = file.storyboard; name = Base; path = Base.lproj/Main.storyboard; sourceTree = "<group>"; };
		59832B9E1E73783400F0F519 /* Assets.xcassets */ = {isa = PBXFileReference; lastKnownFileType = folder.assetcatalog; path = Assets.xcassets; sourceTree = "<group>"; };
		59832BA11E73783400F0F519 /* Base */ = {isa = PBXFileReference; lastKnownFileType = file.storyboard; name = Base; path = Base.lproj/LaunchScreen.storyboard; sourceTree = "<group>"; };
		59832BA31E73783400F0F519 /* Info.plist */ = {isa = PBXFileReference; lastKnownFileType = text.plist.xml; path = Info.plist; sourceTree = "<group>"; };
		59832BA81E73783500F0F519 /* aqva_projectTests.xctest */ = {isa = PBXFileReference; explicitFileType = wrapper.cfbundle; includeInIndex = 0; path = aqva_projectTests.xctest; sourceTree = BUILT_PRODUCTS_DIR; };
		59832BAC1E73783500F0F519 /* aqva_projectTests.swift */ = {isa = PBXFileReference; lastKnownFileType = sourcecode.swift; path = aqva_projectTests.swift; sourceTree = "<group>"; };
		59832BAE1E73783500F0F519 /* Info.plist */ = {isa = PBXFileReference; lastKnownFileType = text.plist.xml; path = Info.plist; sourceTree = "<group>"; };
		59832BB31E73783500F0F519 /* aqva_projectUITests.xctest */ = {isa = PBXFileReference; explicitFileType = wrapper.cfbundle; includeInIndex = 0; path = aqva_projectUITests.xctest; sourceTree = BUILT_PRODUCTS_DIR; };
		59832BB71E73783500F0F519 /* aqva_projectUITests.swift */ = {isa = PBXFileReference; lastKnownFileType = sourcecode.swift; path = aqva_projectUITests.swift; sourceTree = "<group>"; };
		59832BB91E73783500F0F519 /* Info.plist */ = {isa = PBXFileReference; lastKnownFileType = text.plist.xml; path = Info.plist; sourceTree = "<group>"; };
/* End PBXFileReference section */

/* Begin PBXFrameworksBuildPhase section */
		59832B8B1E73783400F0F519 /* Frameworks */ = {
			isa = PBXFrameworksBuildPhase;
			buildActionMask = 2147483647;
			files = (
			);
			runOnlyForDeploymentPostprocessing = 0;
		};
		59832BA51E73783500F0F519 /* Frameworks */ = {
			isa = PBXFrameworksBuildPhase;
			buildActionMask = 2147483647;
			files = (
			);
			runOnlyForDeploymentPostprocessing = 0;
		};
		59832BB01E73783500F0F519 /* Frameworks */ = {
			isa = PBXFrameworksBuildPhase;
			buildActionMask = 2147483647;
			files = (
			);
			runOnlyForDeploymentPostprocessing = 0;
		};
/* End PBXFrameworksBuildPhase section */

/* Begin PBXGroup section */
		59832B851E73783400F0F519 = {
			isa = PBXGroup;
			children = (
				59832B901E73783400F0F519 /* aqva_project */,
				59832BAB1E73783500F0F519 /* aqva_projectTests */,
				59832BB61E73783500F0F519 /* aqva_projectUITests */,
				59832B8F1E73783400F0F519 /* Products */,
			);
			sourceTree = "<group>";
		};
		59832B8F1E73783400F0F519 /* Products */ = {
			isa = PBXGroup;
			children = (
				59832B8E1E73783400F0F519 /* aqva_project.app */,
				59832BA81E73783500F0F519 /* aqva_projectTests.xctest */,
				59832BB31E73783500F0F519 /* aqva_projectUITests.xctest */,
			);
			name = Products;
			sourceTree = "<group>";
		};
		59832B901E73783400F0F519 /* aqva_project */ = {
			isa = PBXGroup;
			children = (
				59832B911E73783400F0F519 /* AppDelegate.swift */,
				59832B931E73783400F0F519 /* GameScene.sks */,
				59832B951E73783400F0F519 /* Actions.sks */,
				59832B971E73783400F0F519 /* GameScene.swift */,
				59832B991E73783400F0F519 /* GameViewController.swift */,
				59832B9B1E73783400F0F519 /* Main.storyboard */,
				59832B9E1E73783400F0F519 /* Assets.xcassets */,
				59832BA01E73783400F0F519 /* LaunchScreen.storyboard */,
				59832BA31E73783400F0F519 /* Info.plist */,
			);
			path = aqva_project;
			sourceTree = "<group>";
		};
		59832BAB1E73783500F0F519 /* aqva_projectTests */ = {
			isa = PBXGroup;
			children = (
				59832BAC1E73783500F0F519 /* aqva_projectTests.swift */,
				59832BAE1E73783500F0F519 /* Info.plist */,
			);
			path = aqva_projectTests;
			sourceTree = "<group>";
		};
		59832BB61E73783500F0F519 /* aqva_projectUITests */ = {
			isa = PBXGroup;
			children = (
				59832BB71E73783500F0F519 /* aqva_projectUITests.swift */,
				59832BB91E73783500F0F519 /* Info.plist */,
			);
			path = aqva_projectUITests;
			sourceTree = "<group>";
		};
/* End PBXGroup section */

/* Begin PBXNativeTarget section */
		59832B8D1E73783400F0F519 /* aqva_project */ = {
			isa = PBXNativeTarget;
			buildConfigurationList = 59832BBC1E73783500F0F519 /* Build configuration list for PBXNativeTarget "aqva_project" */;
			buildPhases = (
				59832B8A1E73783400F0F519 /* Sources */,
				59832B8B1E73783400F0F519 /* Frameworks */,
				59832B8C1E73783400F0F519 /* Resources */,
			);
			buildRules = (
			);
			dependencies = (
			);
			name = aqva_project;
			productName = aqva_project;
			productReference = 59832B8E1E73783400F0F519 /* aqva_project.app */;
			productType = "com.apple.product-type.application";
		};
		59832BA71E73783500F0F519 /* aqva_projectTests */ = {
			isa = PBXNativeTarget;
			buildConfigurationList = 59832BBF1E73783500F0F519 /* Build configuration list for PBXNativeTarget "aqva_projectTests" */;
			buildPhases = (
				59832BA41E73783500F0F519 /* Sources */,
				59832BA51E73783500F0F519 /* Frameworks */,
				59832BA61E73783500F0F519 /* Resources */,
			);
			buildRules = (
			);
			dependencies = (
				59832BAA1E73783500F0F519 /* PBXTargetDependency */,
			);
			name = aqva_projectTests;
			productName = aqva_projectTests;
			productReference = 59832BA81E73783500F0F519 /* aqva_projectTests.xctest */;
			productType = "com.apple.product-type.bundle.unit-test";
		};
		59832BB21E73783500F0F519 /* aqva_projectUITests */ = {
			isa = PBXNativeTarget;
			buildConfigurationList = 59832BC21E73783500F0F519 /* Build configuration list for PBXNativeTarget "aqva_projectUITests" */;
			buildPhases = (
				59832BAF1E73783500F0F519 /* Sources */,
				59832BB01E73783500F0F519 /* Frameworks */,
				59832BB11E73783500F0F519 /* Resources */,
			);
			buildRules = (
			);
			dependencies = (
				59832BB51E73783500F0F519 /* PBXTargetDependency */,
			);
			name = aqva_projectUITests;
			productName = aqva_projectUITests;
			productReference = 59832BB31E73783500F0F519 /* aqva_projectUITests.xctest */;
			productType = "com.apple.product-type.bundle.ui-testing";
		};
/* End PBXNativeTarget section */

/* Begin PBXProject section */
		59832B861E73783400F0F519 /* Project object */ = {
			isa = PBXProject;
			attributes = {
				LastSwiftUpdateCheck = 0820;
				LastUpgradeCheck = 0820;
				ORGANIZATIONNAME = "dalia icedo";
				TargetAttributes = {
					59832B8D1E73783400F0F519 = {
						CreatedOnToolsVersion = 8.2.1;
						ProvisioningStyle = Automatic;
					};
					59832BA71E73783500F0F519 = {
						CreatedOnToolsVersion = 8.2.1;
						ProvisioningStyle = Automatic;
						TestTargetID = 59832B8D1E73783400F0F519;
					};
					59832BB21E73783500F0F519 = {
						CreatedOnToolsVersion = 8.2.1;
						ProvisioningStyle = Automatic;
						TestTargetID = 59832B8D1E73783400F0F519;
					};
				};
			};
			buildConfigurationList = 59832B891E73783400F0F519 /* Build configuration list for PBXProject "aqva_project" */;
			compatibilityVersion = "Xcode 3.2";
			developmentRegion = English;
			hasScannedForEncodings = 0;
			knownRegions = (
				en,
				Base,
			);
			mainGroup = 59832B851E73783400F0F519;
			productRefGroup = 59832B8F1E73783400F0F519 /* Products */;
			projectDirPath = "";
			projectRoot = "";
			targets = (
				59832B8D1E73783400F0F519 /* aqva_project */,
				59832BA71E73783500F0F519 /* aqva_projectTests */,
				59832BB21E73783500F0F519 /* aqva_projectUITests */,
			);
		};
/* End PBXProject section */

/* Begin PBXResourcesBuildPhase section */
		59832B8C1E73783400F0F519 /* Resources */ = {
			isa = PBXResourcesBuildPhase;
			buildActionMask = 2147483647;
			files = (
				59832B9D1E73783400F0F519 /* Main.storyboard in Resources */,
				59832B941E73783400F0F519 /* GameScene.sks in Resources */,
				59832B9F1E73783400F0F519 /* Assets.xcassets in Resources */,
				59832BA21E73783400F0F519 /* LaunchScreen.storyboard in Resources */,
				59832B961E73783400F0F519 /* Actions.sks in Resources */,
			);
			runOnlyForDeploymentPostprocessing = 0;
		};
		59832BA61E73783500F0F519 /* Resources */ = {
			isa = PBXResourcesBuildPhase;
			buildActionMask = 2147483647;
			files = (
			);
			runOnlyForDeploymentPostprocessing = 0;
		};
		59832BB11E73783500F0F519 /* Resources */ = {
			isa = PBXResourcesBuildPhase;
			buildActionMask = 2147483647;
			files = (
			);
			runOnlyForDeploymentPostprocessing = 0;
		};
/* End PBXResourcesBuildPhase section */

/* Begin PBXSourcesBuildPhase section */
		59832B8A1E73783400F0F519 /* Sources */ = {
			isa = PBXSourcesBuildPhase;
			buildActionMask = 2147483647;
			files = (
				59832B981E73783400F0F519 /* GameScene.swift in Sources */,
				59832B9A1E73783400F0F519 /* GameViewController.swift in Sources */,
				59832B921E73783400F0F519 /* AppDelegate.swift in Sources */,
			);
			runOnlyForDeploymentPostprocessing = 0;
		};
		59832BA41E73783500F0F519 /* Sources */ = {
			isa = PBXSourcesBuildPhase;
			buildActionMask = 2147483647;
			files = (
				59832BAD1E73783500F0F519 /* aqva_projectTests.swift in Sources */,
			);
			runOnlyForDeploymentPostprocessing = 0;
		};
		59832BAF1E73783500F0F519 /* Sources */ = {
			isa = PBXSourcesBuildPhase;
			buildActionMask = 2147483647;
			files = (
				59832BB81E73783500F0F519 /* aqva_projectUITests.swift in Sources */,
			);
			runOnlyForDeploymentPostprocessing = 0;
		};
/* End PBXSourcesBuildPhase section */

/* Begin PBXTargetDependency section */
		59832BAA1E73783500F0F519 /* PBXTargetDependency */ = {
			isa = PBXTargetDependency;
			target = 59832B8D1E73783400F0F519 /* aqva_project */;
			targetProxy = 59832BA91E73783500F0F519 /* PBXContainerItemProxy */;
		};
		59832BB51E73783500F0F519 /* PBXTargetDependency */ = {
			isa = PBXTargetDependency;
			target = 59832B8D1E73783400F0F519 /* aqva_project */;
			targetProxy = 59832BB41E73783500F0F519 /* PBXContainerItemProxy */;
		};
/* End PBXTargetDependency section */

/* Begin PBXVariantGroup section */
		59832B9B1E73783400F0F519 /* Main.storyboard */ = {
			isa = PBXVariantGroup;
			children = (
				59832B9C1E73783400F0F519 /* Base */,
			);
			name = Main.storyboard;
			sourceTree = "<group>";
		};
		59832BA01E73783400F0F519 /* LaunchScreen.storyboard */ = {
			isa = PBXVariantGroup;
			children = (
				59832BA11E73783400F0F519 /* Base */,
			);
			name = LaunchScreen.storyboard;
			sourceTree = "<group>";
		};
/* End PBXVariantGroup section */

/* Begin XCBuildConfiguration section */
		59832BBA1E73783500F0F519 /* Debug */ = {
			isa = XCBuildConfiguration;
			buildSettings = {
				ALWAYS_SEARCH_USER_PATHS = NO;
				CLANG_ANALYZER_NONNULL = YES;
				CLANG_CXX_LANGUAGE_STANDARD = "gnu++0x";
				CLANG_CXX_LIBRARY = "libc++";
				CLANG_ENABLE_MODULES = YES;
				CLANG_ENABLE_OBJC_ARC = YES;
				CLANG_WARN_BOOL_CONVERSION = YES;
				CLANG_WARN_CONSTANT_CONVERSION = YES;
				CLANG_WARN_DIRECT_OBJC_ISA_USAGE = YES_ERROR;
				CLANG_WARN_DOCUMENTATION_COMMENTS = YES;
				CLANG_WARN_EMPTY_BODY = YES;
				CLANG_WARN_ENUM_CONVERSION = YES;
				CLANG_WARN_INFINITE_RECURSION = YES;
				CLANG_WARN_INT_CONVERSION = YES;
				CLANG_WARN_OBJC_ROOT_CLASS = YES_ERROR;
				CLANG_WARN_SUSPICIOUS_MOVE = YES;
				CLANG_WARN_UNREACHABLE_CODE = YES;
				CLANG_WARN__DUPLICATE_METHOD_MATCH = YES;
				"CODE_SIGN_IDENTITY[sdk=iphoneos*]" = "iPhone Developer";
				COPY_PHASE_STRIP = NO;
				DEBUG_INFORMATION_FORMAT = dwarf;
				ENABLE_STRICT_OBJC_MSGSEND = YES;
				ENABLE_TESTABILITY = YES;
				GCC_C_LANGUAGE_STANDARD = gnu99;
				GCC_DYNAMIC_NO_PIC = NO;
				GCC_NO_COMMON_BLOCKS = YES;
				GCC_OPTIMIZATION_LEVEL = 0;
				GCC_PREPROCESSOR_DEFINITIONS = (
					"DEBUG=1",
					"$(inherited)",
				);
				GCC_WARN_64_TO_32_BIT_CONVERSION = YES;
				GCC_WARN_ABOUT_RETURN_TYPE = YES_ERROR;
				GCC_WARN_UNDECLARED_SELECTOR = YES;
				GCC_WARN_UNINITIALIZED_AUTOS = YES_AGGRESSIVE;
				GCC_WARN_UNUSED_FUNCTION = YES;
				GCC_WARN_UNUSED_VARIABLE = YES;
				IPHONEOS_DEPLOYMENT_TARGET = 10.2;
				MTL_ENABLE_DEBUG_INFO = YES;
				ONLY_ACTIVE_ARCH = YES;
				SDKROOT = iphoneos;
				SWIFT_ACTIVE_COMPILATION_CONDITIONS = DEBUG;
				SWIFT_OPTIMIZATION_LEVEL = "-Onone";
				TARGETED_DEVICE_FAMILY = "1,2";
			};
			name = Debug;
		};
		59832BBB1E73783500F0F519 /* Release */ = {
			isa = XCBuildConfiguration;
			buildSettings = {
				ALWAYS_SEARCH_USER_PATHS = NO;
				CLANG_ANALYZER_NONNULL = YES;
				CLANG_CXX_LANGUAGE_STANDARD = "gnu++0x";
				CLANG_CXX_LIBRARY = "libc++";
				CLANG_ENABLE_MODULES = YES;
				CLANG_ENABLE_OBJC_ARC = YES;
				CLANG_WARN_BOOL_CONVERSION = YES;
				CLANG_WARN_CONSTANT_CONVERSION = YES;
				CLANG_WARN_DIRECT_OBJC_ISA_USAGE = YES_ERROR;
				CLANG_WARN_DOCUMENTATION_COMMENTS = YES;
				CLANG_WARN_EMPTY_BODY = YES;
				CLANG_WARN_ENUM_CONVERSION = YES;
				CLANG_WARN_INFINITE_RECURSION = YES;
				CLANG_WARN_INT_CONVERSION = YES;
				CLANG_WARN_OBJC_ROOT_CLASS = YES_ERROR;
				CLANG_WARN_SUSPICIOUS_MOVE = YES;
				CLANG_WARN_UNREACHABLE_CODE = YES;
				CLANG_WARN__DUPLICATE_METHOD_MATCH = YES;
				"CODE_SIGN_IDENTITY[sdk=iphoneos*]" = "iPhone Developer";
				COPY_PHASE_STRIP = NO;
				DEBUG_INFORMATION_FORMAT = "dwarf-with-dsym";
				ENABLE_NS_ASSERTIONS = NO;
				ENABLE_STRICT_OBJC_MSGSEND = YES;
				GCC_C_LANGUAGE_STANDARD = gnu99;
				GCC_NO_COMMON_BLOCKS = YES;
				GCC_WARN_64_TO_32_BIT_CONVERSION = YES;
				GCC_WARN_ABOUT_RETURN_TYPE = YES_ERROR;
				GCC_WARN_UNDECLARED_SELECTOR = YES;
				GCC_WARN_UNINITIALIZED_AUTOS = YES_AGGRESSIVE;
				GCC_WARN_UNUSED_FUNCTION = YES;
				GCC_WARN_UNUSED_VARIABLE = YES;
				IPHONEOS_DEPLOYMENT_TARGET = 10.2;
				MTL_ENABLE_DEBUG_INFO = NO;
				SDKROOT = iphoneos;
				SWIFT_OPTIMIZATION_LEVEL = "-Owholemodule";
				TARGETED_DEVICE_FAMILY = "1,2";
				VALIDATE_PRODUCT = YES;
			};
			name = Release;
		};
		59832BBD1E73783500F0F519 /* Debug */ = {
			isa = XCBuildConfiguration;
			buildSettings = {
				ASSETCATALOG_COMPILER_APPICON_NAME = AppIcon;
				INFOPLIST_FILE = aqva_project/Info.plist;
				IPHONEOS_DEPLOYMENT_TARGET = 10.2;
				LD_RUNPATH_SEARCH_PATHS = "$(inherited) @executable_path/Frameworks";
				PRODUCT_BUNDLE_IDENTIFIER = "diaxdo.aqva-project";
				PRODUCT_NAME = "$(TARGET_NAME)";
				SWIFT_VERSION = 3.0;
			};
			name = Debug;
		};
		59832BBE1E73783500F0F519 /* Release */ = {
			isa = XCBuildConfiguration;
			buildSettings = {
				ASSETCATALOG_COMPILER_APPICON_NAME = AppIcon;
				INFOPLIST_FILE = aqva_project/Info.plist;
				IPHONEOS_DEPLOYMENT_TARGET = 10.2;
				LD_RUNPATH_SEARCH_PATHS = "$(inherited) @executable_path/Frameworks";
				PRODUCT_BUNDLE_IDENTIFIER = "diaxdo.aqva-project";
				PRODUCT_NAME = "$(TARGET_NAME)";
				SWIFT_VERSION = 3.0;
			};
			name = Release;
		};
		59832BC01E73783500F0F519 /* Debug */ = {
			isa = XCBuildConfiguration;
			buildSettings = {
				ALWAYS_EMBED_SWIFT_STANDARD_LIBRARIES = YES;
				BUNDLE_LOADER = "$(TEST_HOST)";
				INFOPLIST_FILE = aqva_projectTests/Info.plist;
				LD_RUNPATH_SEARCH_PATHS = "$(inherited) @executable_path/Frameworks @loader_path/Frameworks";
				PRODUCT_BUNDLE_IDENTIFIER = "diaxdo.aqva-projectTests";
				PRODUCT_NAME = "$(TARGET_NAME)";
				SWIFT_VERSION = 3.0;
				TEST_HOST = "$(BUILT_PRODUCTS_DIR)/aqva_project.app/aqva_project";
			};
			name = Debug;
		};
		59832BC11E73783500F0F519 /* Release */ = {
			isa = XCBuildConfiguration;
			buildSettings = {
				ALWAYS_EMBED_SWIFT_STANDARD_LIBRARIES = YES;
				BUNDLE_LOADER = "$(TEST_HOST)";
				INFOPLIST_FILE = aqva_projectTests/Info.plist;
				LD_RUNPATH_SEARCH_PATHS = "$(inherited) @executable_path/Frameworks @loader_path/Frameworks";
				PRODUCT_BUNDLE_IDENTIFIER = "diaxdo.aqva-projectTests";
				PRODUCT_NAME = "$(TARGET_NAME)";
				SWIFT_VERSION = 3.0;
				TEST_HOST = "$(BUILT_PRODUCTS_DIR)/aqva_project.app/aqva_project";
			};
			name = Release;
		};
		59832BC31E73783500F0F519 /* Debug */ = {
			isa = XCBuildConfiguration;
			buildSettings = {
				ALWAYS_EMBED_SWIFT_STANDARD_LIBRARIES = YES;
				INFOPLIST_FILE = aqva_projectUITests/Info.plist;
				LD_RUNPATH_SEARCH_PATHS = "$(inherited) @executable_path/Frameworks @loader_path/Frameworks";
				PRODUCT_BUNDLE_IDENTIFIER = "diaxdo.aqva-projectUITests";
				PRODUCT_NAME = "$(TARGET_NAME)";
				SWIFT_VERSION = 3.0;
				TEST_TARGET_NAME = aqva_project;
			};
			name = Debug;
		};
		59832BC41E73783500F0F519 /* Release */ = {
			isa = XCBuildConfiguration;
			buildSettings = {
				ALWAYS_EMBED_SWIFT_STANDARD_LIBRARIES = YES;
				INFOPLIST_FILE = aqva_projectUITests/Info.plist;
				LD_RUNPATH_SEARCH_PATHS = "$(inherited) @executable_path/Frameworks @loader_path/Frameworks";
				PRODUCT_BUNDLE_IDENTIFIER = "diaxdo.aqva-projectUITests";
				PRODUCT_NAME = "$(TARGET_NAME)";
				SWIFT_VERSION = 3.0;
				TEST_TARGET_NAME = aqva_project;
			};
			name = Release;
		};
/* End XCBuildConfiguration section */

/* Begin XCConfigurationList section */
		59832B891E73783400F0F519 /* Build configuration list for PBXProject "aqva_project" */ = {
			isa = XCConfigurationList;
			buildConfigurations = (
				59832BBA1E73783500F0F519 /* Debug */,
				59832BBB1E73783500F0F519 /* Release */,
			);
			defaultConfigurationIsVisible = 0;
			defaultConfigurationName = Release;
		};
		59832BBC1E73783500F0F519 /* Build configuration list for PBXNativeTarget "aqva_project" */ = {
			isa = XCConfigurationList;
			buildConfigurations = (
				59832BBD1E73783500F0F519 /* Debug */,
				59832BBE1E73783500F0F519 /* Release */,
			);
			defaultConfigurationIsVisible = 0;
		};
		59832BBF1E73783500F0F519 /* Build configuration list for PBXNativeTarget "aqva_projectTests" */ = {
			isa = XCConfigurationList;
			buildConfigurations = (
				59832BC01E73783500F0F519 /* Debug */,
				59832BC11E73783500F0F519 /* Release */,
			);
			defaultConfigurationIsVisible = 0;
		};
		59832BC21E73783500F0F519 /* Build configuration list for PBXNativeTarget "aqva_projectUITests" */ = {
			isa = XCConfigurationList;
			buildConfigurations = (
				59832BC31E73783500F0F519 /* Debug */,
				59832BC41E73783500F0F519 /* Release */,
			);
			defaultConfigurationIsVisible = 0;
		};
/* End XCConfigurationList section */
	};
	rootObject = 59832B861E73783400F0F519 /* Project object */;
}
